# This file is automatically @generated by Cargo.
# It is not intended for manual editing.
version = 4

[[package]]
name = "xproxy"
version = "0.1.0"
dependencies = [
 "xproxy-core",
 "xproxy-forward",
 "xproxy-reverse",
]

[[package]]
name = "xproxy-core"
version = "0.1.0"

[[package]]
name = "xproxy-forward"
version = "0.1.0"
dependencies = [
 "xproxy-core",
]

[[package]]
name = "xproxy-reverse"
version = "0.1.0"
dependencies = [
 "xproxy-core",
]
